
Microsoft Visual Studio Solution File, Format Version 12.00
# Visual Studio 15
VisualStudioVersion = 15.0.27703.2042
MinimumVisualStudioVersion = 10.0.40219.1
Project("{FAE04EC0-301F-11D3-BF4B-00C04F79EFBC}") = "Neuro", "Neuro\Neuro.csproj", "{5689596B-30F4-43AF-9A26-695F5710768C}"
EndProject
Project("{FAE04EC0-301F-11D3-BF4B-00C04F79EFBC}") = "UnitTests", "UnitTests\UnitTests.csproj", "{B761927C-693A-4F7D-9C35-7701953B6F3E}"
EndProject
Project("{FAE04EC0-301F-11D3-BF4B-00C04F79EFBC}") = "Lexicon", "Lexicon\Lexicon.csproj", "{6022FAE0-CF4A-4A86-8EE3-2C3FAFE113CA}"
EndProject
Global
	GlobalSection(SolutionConfigurationPlatforms) = preSolution
		Debug|Any CPU = Debug|Any CPU
		Release|Any CPU = Release|Any CPU
	EndGlobalSection
	GlobalSection(ProjectConfigurationPlatforms) = postSolution
		{5689596B-30F4-43AF-9A26-695F5710768C}.Debug|Any CPU.ActiveCfg = Debug|Any CPU
		{5689596B-30F4-43AF-9A26-695F5710768C}.Debug|Any CPU.Build.0 = Debug|Any CPU
		{5689596B-30F4-43AF-9A26-695F5710768C}.Release|Any CPU.ActiveCfg = Release|Any CPU
		{5689596B-30F4-43AF-9A26-695F5710768C}.Release|Any CPU.Build.0 = Release|Any CPU
		{B761927C-693A-4F7D-9C35-7701953B6F3E}.Debug|Any CPU.ActiveCfg = Debug|Any CPU
		{B761927C-693A-4F7D-9C35-7701953B6F3E}.Debug|Any CPU.Build.0 = Debug|Any CPU
		{B761927C-693A-4F7D-9C35-7701953B6F3E}.Release|Any CPU.ActiveCfg = Release|Any CPU
		{B761927C-693A-4F7D-9C35-7701953B6F3E}.Release|Any CPU.Build.0 = Release|Any CPU
		{6022FAE0-CF4A-4A86-8EE3-2C3FAFE113CA}.Debug|Any CPU.ActiveCfg = Debug|Any CPU
		{6022FAE0-CF4A-4A86-8EE3-2C3FAFE113CA}.Debug|Any CPU.Build.0 = Debug|Any CPU
		{6022FAE0-CF4A-4A86-8EE3-2C3FAFE113CA}.Release|Any CPU.ActiveCfg = Release|Any CPU
		{6022FAE0-CF4A-4A86-8EE3-2C3FAFE113CA}.Release|Any CPU.Build.0 = Release|Any CPU
	EndGlobalSection
	GlobalSection(SolutionProperties) = preSolution
		HideSolutionNode = FALSE
	EndGlobalSection
	GlobalSection(ExtensibilityGlobals) = postSolution
		SolutionGuid = {A075353E-F5F7-4E7F-856B-BA90A482AC4B}
	EndGlobalSection
EndGlobal
